{
  "name": "pg-code-snippet",
  "version": "0.0.16",
  "lockfileVersion": 2,
  "requires": true,
  "packages": {
    "": {
      "name": "pg-code-snippet",
      "version": "0.0.16",
      "dependencies": {
        "@vscode/extension-telemetry": "^0.9.6"
      },
      "engines": {
        "vscode": "^1.86.1"
      }
    },
    "node_modules/@microsoft/1ds-core-js": {
      "version": "4.3.0",
      "resolved": "https://registry.npmmirror.com/@microsoft/1ds-core-js/-/1ds-core-js-4.3.0.tgz",
      "integrity": "sha512-0aP0ko4j0E2HfMNG1TdctGxcX74c4nQMMMV2JyaBYRRlbg1qYSVCUTZO4Ap6Qf65cBjJUCoIzgDMXNSquANwDA==",
      "dependencies": {
        "@microsoft/applicationinsights-core-js": "3.3.0",
        "@microsoft/applicationinsights-shims": "3.0.1",
        "@microsoft/dynamicproto-js": "^2.0.3",
        "@nevware21/ts-async": ">= 0.5.2 < 2.x",
        "@nevware21/ts-utils": ">= 0.11.3 < 2.x"
      }
    },
    "node_modules/@microsoft/1ds-post-js": {
      "version": "4.3.0",
      "resolved": "https://registry.npmmirror.com/@microsoft/1ds-post-js/-/1ds-post-js-4.3.0.tgz",
      "integrity": "sha512-a1AflEuB313mfRiNNqkoVYDi4zxnG57zR8KotudtVoov6hiByBIS0KSuf3oE5/woDHWi9ZJjiCDvFwNqNH0YYw==",
      "dependencies": {
        "@microsoft/1ds-core-js": "4.3.0",
        "@microsoft/applicationinsights-shims": "3.0.1",
        "@microsoft/dynamicproto-js": "^2.0.3",
        "@nevware21/ts-async": ">= 0.5.2 < 2.x",
        "@nevware21/ts-utils": ">= 0.11.3 < 2.x"
      }
    },
    "node_modules/@microsoft/applicationinsights-channel-js": {
      "version": "3.3.0",
      "resolved": "https://registry.npmmirror.com/@microsoft/applicationinsights-channel-js/-/applicationinsights-channel-js-3.3.0.tgz",
      "integrity": "sha512-xlxcfwgFgvHoY/STVgtRoUSvAKOMNbe4CIBeY8zTHsjE9x3/kY9R9kpRkTBectuD7xVm1/FmzrzqaxcJO7R/sw==",
      "dependencies": {
        "@microsoft/applicationinsights-common": "3.3.0",
        "@microsoft/applicationinsights-core-js": "3.3.0",
        "@microsoft/applicationinsights-shims": "3.0.1",
        "@microsoft/dynamicproto-js": "^2.0.3",
        "@nevware21/ts-async": ">= 0.5.2 < 2.x",
        "@nevware21/ts-utils": ">= 0.11.3 < 2.x"
      },
      "peerDependencies": {
        "tslib": "*"
      }
    },
    "node_modules/@microsoft/applicationinsights-common": {
      "version": "3.3.0",
      "resolved": "https://registry.npmmirror.com/@microsoft/applicationinsights-common/-/applicationinsights-common-3.3.0.tgz",
      "integrity": "sha512-5t6WtL9wCQUA06sioaTenz5qWgrCk7QRm99pDuP+vyjcAiT6//f+Qn1K9KXtEX5WfEMHx3vBIDGLl6ppnF1YAQ==",
      "dependencies": {
        "@microsoft/applicationinsights-core-js": "3.3.0",
        "@microsoft/applicationinsights-shims": "3.0.1",
        "@microsoft/dynamicproto-js": "^2.0.3",
        "@nevware21/ts-utils": ">= 0.11.3 < 2.x"
      },
      "peerDependencies": {
        "tslib": "*"
      }
    },
    "node_modules/@microsoft/applicationinsights-core-js": {
      "version": "3.3.0",
      "resolved": "https://registry.npmmirror.com/@microsoft/applicationinsights-core-js/-/applicationinsights-core-js-3.3.0.tgz",
      "integrity": "sha512-so0fFTqgZMjClH+MsiRYGspo5fpgwHEUYNMjyzpf9rjrY7FaUH8kkWzrQ3V0Cs4axZwf+WuIndtDOAws7aBmGQ==",
      "dependencies": {
        "@microsoft/applicationinsights-shims": "3.0.1",
        "@microsoft/dynamicproto-js": "^2.0.3",
        "@nevware21/ts-async": ">= 0.5.2 < 2.x",
        "@nevware21/ts-utils": ">= 0.11.3 < 2.x"
      },
      "peerDependencies": {
        "tslib": "*"
      }
    },
    "node_modules/@microsoft/applicationinsights-shims": {
      "version": "3.0.1",
      "resolved": "https://registry.npmmirror.com/@microsoft/applicationinsights-shims/-/applicationinsights-shims-3.0.1.tgz",
      "integrity": "sha512-DKwboF47H1nb33rSUfjqI6ryX29v+2QWcTrRvcQDA32AZr5Ilkr7whOOSsD1aBzwqX0RJEIP1Z81jfE3NBm/Lg==",
      "dependencies": {
        "@nevware21/ts-utils": ">= 0.9.4 < 2.x"
      }
    },
    "node_modules/@microsoft/applicationinsights-web-basic": {
      "version": "3.3.0",
      "resolved": "https://registry.npmmirror.com/@microsoft/applicationinsights-web-basic/-/applicationinsights-web-basic-3.3.0.tgz",
      "integrity": "sha512-8+QcrgensCK44XuHMkW+zQXYchM6/f5gg0go/REVj5DpbE03L3jXNajSlBIALH8MzhGgcyPDlGmIt2OYztUMNQ==",
      "dependencies": {
        "@microsoft/applicationinsights-channel-js": "3.3.0",
        "@microsoft/applicationinsights-common": "3.3.0",
        "@microsoft/applicationinsights-core-js": "3.3.0",
        "@microsoft/applicationinsights-shims": "3.0.1",
        "@microsoft/dynamicproto-js": "^2.0.3",
        "@nevware21/ts-async": ">= 0.5.2 < 2.x",
        "@nevware21/ts-utils": ">= 0.11.3 < 2.x"
      },
      "peerDependencies": {
        "tslib": "*"
      }
    },
    "node_modules/@microsoft/dynamicproto-js": {
      "version": "2.0.3",
      "resolved": "https://registry.npmmirror.com/@microsoft/dynamicproto-js/-/dynamicproto-js-2.0.3.tgz",
      "integrity": "sha512-JTWTU80rMy3mdxOjjpaiDQsTLZ6YSGGqsjURsY6AUQtIj0udlF/jYmhdLZu8693ZIC0T1IwYnFa0+QeiMnziBA==",
      "dependencies": {
        "@nevware21/ts-utils": ">= 0.10.4 < 2.x"
      }
    },
    "node_modules/@nevware21/ts-async": {
      "version": "0.5.2",
      "resolved": "https://registry.npmmirror.com/@nevware21/ts-async/-/ts-async-0.5.2.tgz",
      "integrity": "sha512-Zf2vUNjCw2vJsiVKhWXA9hCNHsn59AOSGa5jGP4tWrp/vTH9XrI4eG/65khuoAgrS83migj0Xv5/j6fUAz69Zw==",
      "dependencies": {
        "@nevware21/ts-utils": ">= 0.11.3 < 2.x"
      }
    },
    "node_modules/@nevware21/ts-utils": {
      "version": "0.11.3",
      "resolved": "https://registry.npmmirror.com/@nevware21/ts-utils/-/ts-utils-0.11.3.tgz",
      "integrity": "sha512-oipW+tyKN68bREjoESYAzOZiatM+1LF+ez1TX3BaeinhCkI18xsLgmpH9tvwHaVgKf1Tsth25sdbXVtYmgRYvQ=="
    },
    "node_modules/@vscode/extension-telemetry": {
      "version": "0.9.6",
      "resolved": "https://registry.npmmirror.com/@vscode/extension-telemetry/-/extension-telemetry-0.9.6.tgz",
      "integrity": "sha512-qWK2GNw+b69QRYpjuNM9g3JKToMICoNIdc0rQMtvb4gIG9vKKCZCVCz+ZOx6XM/YlfWAyuPiyxcjIY0xyF+Djg==",
      "dependencies": {
        "@microsoft/1ds-core-js": "^4.1.2",
        "@microsoft/1ds-post-js": "^4.1.2",
        "@microsoft/applicationinsights-web-basic": "^3.1.2"
      },
      "engines": {
        "vscode": "^1.75.0"
      }
    },
    "node_modules/tslib": {
      "version": "2.6.3",
      "resolved": "https://registry.npmmirror.com/tslib/-/tslib-2.6.3.tgz",
      "integrity": "sha512-xNvxJEOUiWPGhUuUdQgAJPKOOJfGnIyKySOc09XkKsgdUV/3E2zvwZYdejjmRgPCgcym1juLH3226yA7sEFJKQ==",
      "peer": true
    }
  },
  "dependencies": {
    "@microsoft/1ds-core-js": {
      "version": "4.3.0",
      "resolved": "https://registry.npmmirror.com/@microsoft/1ds-core-js/-/1ds-core-js-4.3.0.tgz",
      "integrity": "sha512-0aP0ko4j0E2HfMNG1TdctGxcX74c4nQMMMV2JyaBYRRlbg1qYSVCUTZO4Ap6Qf65cBjJUCoIzgDMXNSquANwDA==",
      "requires": {
        "@microsoft/applicationinsights-core-js": "3.3.0",
        "@microsoft/applicationinsights-shims": "3.0.1",
        "@microsoft/dynamicproto-js": "^2.0.3",
        "@nevware21/ts-async": ">= 0.5.2 < 2.x",
        "@nevware21/ts-utils": ">= 0.11.3 < 2.x"
      }
    },
    "@microsoft/1ds-post-js": {
      "version": "4.3.0",
      "resolved": "https://registry.npmmirror.com/@microsoft/1ds-post-js/-/1ds-post-js-4.3.0.tgz",
      "integrity": "sha512-a1AflEuB313mfRiNNqkoVYDi4zxnG57zR8KotudtVoov6hiByBIS0KSuf3oE5/woDHWi9ZJjiCDvFwNqNH0YYw==",
      "requires": {
        "@microsoft/1ds-core-js": "4.3.0",
        "@microsoft/applicationinsights-shims": "3.0.1",
        "@microsoft/dynamicproto-js": "^2.0.3",
        "@nevware21/ts-async": ">= 0.5.2 < 2.x",
        "@nevware21/ts-utils": ">= 0.11.3 < 2.x"
      }
    },
    "@microsoft/applicationinsights-channel-js": {
      "version": "3.3.0",
      "resolved": "https://registry.npmmirror.com/@microsoft/applicationinsights-channel-js/-/applicationinsights-channel-js-3.3.0.tgz",
      "integrity": "sha512-xlxcfwgFgvHoY/STVgtRoUSvAKOMNbe4CIBeY8zTHsjE9x3/kY9R9kpRkTBectuD7xVm1/FmzrzqaxcJO7R/sw==",
      "requires": {
        "@microsoft/applicationinsights-common": "3.3.0",
        "@microsoft/applicationinsights-core-js": "3.3.0",
        "@microsoft/applicationinsights-shims": "3.0.1",
        "@microsoft/dynamicproto-js": "^2.0.3",
        "@nevware21/ts-async": ">= 0.5.2 < 2.x",
        "@nevware21/ts-utils": ">= 0.11.3 < 2.x"
      }
    },
    "@microsoft/applicationinsights-common": {
      "version": "3.3.0",
      "resolved": "https://registry.npmmirror.com/@microsoft/applicationinsights-common/-/applicationinsights-common-3.3.0.tgz",
      "integrity": "sha512-5t6WtL9wCQUA06sioaTenz5qWgrCk7QRm99pDuP+vyjcAiT6//f+Qn1K9KXtEX5WfEMHx3vBIDGLl6ppnF1YAQ==",
      "requires": {
        "@microsoft/applicationinsights-core-js": "3.3.0",
        "@microsoft/applicationinsights-shims": "3.0.1",
        "@microsoft/dynamicproto-js": "^2.0.3",
        "@nevware21/ts-utils": ">= 0.11.3 < 2.x"
      }
    },
    "@microsoft/applicationinsights-core-js": {
      "version": "3.3.0",
      "resolved": "https://registry.npmmirror.com/@microsoft/applicationinsights-core-js/-/applicationinsights-core-js-3.3.0.tgz",
      "integrity": "sha512-so0fFTqgZMjClH+MsiRYGspo5fpgwHEUYNMjyzpf9rjrY7FaUH8kkWzrQ3V0Cs4axZwf+WuIndtDOAws7aBmGQ==",
      "requires": {
        "@microsoft/applicationinsights-shims": "3.0.1",
        "@microsoft/dynamicproto-js": "^2.0.3",
        "@nevware21/ts-async": ">= 0.5.2 < 2.x",
        "@nevware21/ts-utils": ">= 0.11.3 < 2.x"
      }
    },
    "@microsoft/applicationinsights-shims": {
      "version": "3.0.1",
      "resolved": "https://registry.npmmirror.com/@microsoft/applicationinsights-shims/-/applicationinsights-shims-3.0.1.tgz",
      "integrity": "sha512-DKwboF47H1nb33rSUfjqI6ryX29v+2QWcTrRvcQDA32AZr5Ilkr7whOOSsD1aBzwqX0RJEIP1Z81jfE3NBm/Lg==",
      "requires": {
        "@nevware21/ts-utils": ">= 0.9.4 < 2.x"
      }
    },
    "@microsoft/applicationinsights-web-basic": {
      "version": "3.3.0",
      "resolved": "https://registry.npmmirror.com/@microsoft/applicationinsights-web-basic/-/applicationinsights-web-basic-3.3.0.tgz",
      "integrity": "sha512-8+QcrgensCK44XuHMkW+zQXYchM6/f5gg0go/REVj5DpbE03L3jXNajSlBIALH8MzhGgcyPDlGmIt2OYztUMNQ==",
      "requires": {
        "@microsoft/applicationinsights-channel-js": "3.3.0",
        "@microsoft/applicationinsights-common": "3.3.0",
        "@microsoft/applicationinsights-core-js": "3.3.0",
        "@microsoft/applicationinsights-shims": "3.0.1",
        "@microsoft/dynamicproto-js": "^2.0.3",
        "@nevware21/ts-async": ">= 0.5.2 < 2.x",
        "@nevware21/ts-utils": ">= 0.11.3 < 2.x"
      }
    },
    "@microsoft/dynamicproto-js": {
      "version": "2.0.3",
      "resolved": "https://registry.npmmirror.com/@microsoft/dynamicproto-js/-/dynamicproto-js-2.0.3.tgz",
      "integrity": "sha512-JTWTU80rMy3mdxOjjpaiDQsTLZ6YSGGqsjURsY6AUQtIj0udlF/jYmhdLZu8693ZIC0T1IwYnFa0+QeiMnziBA==",
      "requires": {
        "@nevware21/ts-utils": ">= 0.10.4 < 2.x"
      }
    },
    "@nevware21/ts-async": {
      "version": "0.5.2",
      "resolved": "https://registry.npmmirror.com/@nevware21/ts-async/-/ts-async-0.5.2.tgz",
      "integrity": "sha512-Zf2vUNjCw2vJsiVKhWXA9hCNHsn59AOSGa5jGP4tWrp/vTH9XrI4eG/65khuoAgrS83migj0Xv5/j6fUAz69Zw==",
      "requires": {
        "@nevware21/ts-utils": ">= 0.11.3 < 2.x"
      }
    },
    "@nevware21/ts-utils": {
      "version": "0.11.3",
      "resolved": "https://registry.npmmirror.com/@nevware21/ts-utils/-/ts-utils-0.11.3.tgz",
      "integrity": "sha512-oipW+tyKN68bREjoESYAzOZiatM+1LF+ez1TX3BaeinhCkI18xsLgmpH9tvwHaVgKf1Tsth25sdbXVtYmgRYvQ=="
    },
    "@vscode/extension-telemetry": {
      "version": "0.9.6",
      "resolved": "https://registry.npmmirror.com/@vscode/extension-telemetry/-/extension-telemetry-0.9.6.tgz",
      "integrity": "sha512-qWK2GNw+b69QRYpjuNM9g3JKToMICoNIdc0rQMtvb4gIG9vKKCZCVCz+ZOx6XM/YlfWAyuPiyxcjIY0xyF+Djg==",
      "requires": {
        "@microsoft/1ds-core-js": "^4.1.2",
        "@microsoft/1ds-post-js": "^4.1.2",
        "@microsoft/applicationinsights-web-basic": "^3.1.2"
      }
    },
    "tslib": {
      "version": "2.6.3",
      "resolved": "https://registry.npmmirror.com/tslib/-/tslib-2.6.3.tgz",
      "integrity": "sha512-xNvxJEOUiWPGhUuUdQgAJPKOOJfGnIyKySOc09XkKsgdUV/3E2zvwZYdejjmRgPCgcym1juLH3226yA7sEFJKQ==",
      "peer": true
    }
  }
}
