lockfileVersion: '6.0'

settings:
  autoInstallPeers: true
  excludeLinksFromLockfile: false

dependencies:
  '@pangu/components-compound':
    specifier: ^1.0.78
    version: 1.0.78(@pangu/core@1.0.69)(element-plus@2.3.14)(vue@3.3.13)
  axios:
    specifier: ^1.7.2
    version: registry.npmmirror.com/axios@1.7.2

packages:

  /@pangu/components-compound@1.0.78(@pangu/core@1.0.69)(element-plus@2.3.14)(vue@3.3.13):
    resolution: {integrity: sha512-uFaEFC5LoHnDBM036YAP8ViveRboqpVJfcalOFH1Xb+dX+rqsNO27MPxxgQfKJyKiC9RV549e28CUYIJWjnLHw==, tarball: http://192.168.12.88:10000/@pangu/components-compound/download/@pangu/components-compound-1.0.78.tgz}
    peerDependencies:
      '@pangu/core': ~1.0.68
      element-plus: ~2.3.3
      vue: ~3.3.13
    dependencies:
      '@pangu/core': 1.0.69(element-plus@2.3.14)(vue@3.3.13)
      axios: registry.npmmirror.com/axios@1.7.2
      element-plus: registry.npmmirror.com/element-plus@2.3.14(vue@3.3.13)
      vue: registry.npmmirror.com/vue@3.3.13
    transitivePeerDependencies:
      - debug
    dev: false

  /@pangu/core@1.0.69(element-plus@2.3.14)(vue@3.3.13):
    resolution: {integrity: sha512-6ErptSHVm6ZINa14nCsxZmL+MsSZA8/XIrAERx/Z9kdyke6SxXe0GuZHtAZi6SwnbSynUXZkueJMBM1JdK7z1g==, tarball: http://192.168.12.88:10000/@pangu/core/download/@pangu/core-1.0.69.tgz}
    peerDependencies:
      element-plus: ~2.3.3
      vue: ~3.3.13
    dependencies:
      axios: registry.npmmirror.com/axios@0.21.4
      crypto-js: registry.npmmirror.com/crypto-js@4.2.0
      dayjs: registry.npmmirror.com/dayjs@1.11.11
      element-plus: registry.npmmirror.com/element-plus@2.3.14(vue@3.3.13)
      js-cookie: registry.npmmirror.com/js-cookie@3.0.5
      lodash-es: registry.npmmirror.com/lodash-es@4.17.21
      mitt: registry.npmmirror.com/mitt@3.0.1
      qs: registry.npmmirror.com/qs@6.12.2
      vue: registry.npmmirror.com/vue@3.3.13
      vue-i18n: registry.npmmirror.com/vue-i18n@9.13.1(vue@3.3.13)
    transitivePeerDependencies:
      - debug
    dev: false

  registry.npmmirror.com/@babel/helper-string-parser@7.24.7:
    resolution: {integrity: sha512-7MbVt6xrwFQbunH2DNQsAP5sTGxfqQtErvBIvIMi6EQnbgUOuVYanvREcmFrOPhoXBrTtjhhP+lW+o5UfK+tDg==, registry: http://192.168.12.88:10000/, tarball: https://registry.npmmirror.com/@babel/helper-string-parser/-/helper-string-parser-7.24.7.tgz}
    name: '@babel/helper-string-parser'
    version: 7.24.7
    engines: {node: '>=6.9.0'}
    dev: false

  registry.npmmirror.com/@babel/helper-validator-identifier@7.24.7:
    resolution: {integrity: sha512-rR+PBcQ1SMQDDyF6X0wxtG8QyLCgUB0eRAGguqRLfkCA87l7yAP7ehq8SNj96OOGTO8OBV70KhuFYcIkHXOg0w==, registry: http://192.168.12.88:10000/, tarball: https://registry.npmmirror.com/@babel/helper-validator-identifier/-/helper-validator-identifier-7.24.7.tgz}
    name: '@babel/helper-validator-identifier'
    version: 7.24.7
    engines: {node: '>=6.9.0'}
    dev: false

  registry.npmmirror.com/@babel/parser@7.24.7:
    resolution: {integrity: sha512-9uUYRm6OqQrCqQdG1iCBwBPZgN8ciDBro2nIOFaiRz1/BCxaI7CNvQbDHvsArAC7Tw9Hda/B3U+6ui9u4HWXPw==, registry: http://192.168.12.88:10000/, tarball: https://registry.npmmirror.com/@babel/parser/-/parser-7.24.7.tgz}
    name: '@babel/parser'
    version: 7.24.7
    engines: {node: '>=6.0.0'}
    hasBin: true
    dependencies:
      '@babel/types': registry.npmmirror.com/@babel/types@7.24.7
    dev: false

  registry.npmmirror.com/@babel/types@7.24.7:
    resolution: {integrity: sha512-XEFXSlxiG5td2EJRe8vOmRbaXVgfcBlszKujvVmWIK/UpywWljQCfzAv3RQCGujWQ1RD4YYWEAqDXfuJiy8f5Q==, registry: http://192.168.12.88:10000/, tarball: https://registry.npmmirror.com/@babel/types/-/types-7.24.7.tgz}
    name: '@babel/types'
    version: 7.24.7
    engines: {node: '>=6.9.0'}
    dependencies:
      '@babel/helper-string-parser': registry.npmmirror.com/@babel/helper-string-parser@7.24.7
      '@babel/helper-validator-identifier': registry.npmmirror.com/@babel/helper-validator-identifier@7.24.7
      to-fast-properties: registry.npmmirror.com/to-fast-properties@2.0.0
    dev: false

  registry.npmmirror.com/@ctrl/tinycolor@3.6.1:
    resolution: {integrity: sha512-SITSV6aIXsuVNV3f3O0f2n/cgyEDWoSqtZMYiAmcsYHydcKrOz3gUxB/iXd/Qf08+IZX4KpgNbvUdMBmWz+kcA==, registry: http://192.168.12.88:10000/, tarball: https://registry.npmmirror.com/@ctrl/tinycolor/-/tinycolor-3.6.1.tgz}
    name: '@ctrl/tinycolor'
    version: 3.6.1
    engines: {node: '>=10'}
    dev: false

  registry.npmmirror.com/@element-plus/icons-vue@2.3.1(vue@3.3.13):
    resolution: {integrity: sha512-XxVUZv48RZAd87ucGS48jPf6pKu0yV5UCg9f4FFwtrYxXOwWuVJo6wOvSLKEoMQKjv8GsX/mhP6UsC1lRwbUWg==, registry: http://192.168.12.88:10000/, tarball: https://registry.npmmirror.com/@element-plus/icons-vue/-/icons-vue-2.3.1.tgz}
    id: registry.npmmirror.com/@element-plus/icons-vue/2.3.1
    name: '@element-plus/icons-vue'
    version: 2.3.1
    peerDependencies:
      vue: ^3.2.0
    dependencies:
      vue: registry.npmmirror.com/vue@3.3.13
    dev: false

  registry.npmmirror.com/@floating-ui/core@1.6.4:
    resolution: {integrity: sha512-a4IowK4QkXl4SCWTGUR0INAfEOX3wtsYw3rKK5InQEHMGObkR8Xk44qYQD9P4r6HHw0iIfK6GUKECmY8sTkqRA==, registry: http://192.168.12.88:10000/, tarball: https://registry.npmmirror.com/@floating-ui/core/-/core-1.6.4.tgz}
    name: '@floating-ui/core'
    version: 1.6.4
    dependencies:
      '@floating-ui/utils': registry.npmmirror.com/@floating-ui/utils@0.2.4
    dev: false

  registry.npmmirror.com/@floating-ui/dom@1.6.7:
    resolution: {integrity: sha512-wmVfPG5o2xnKDU4jx/m4w5qva9FWHcnZ8BvzEe90D/RpwsJaTAVYPEPdQ8sbr/N8zZTAHlZUTQdqg8ZUbzHmng==, registry: http://192.168.12.88:10000/, tarball: https://registry.npmmirror.com/@floating-ui/dom/-/dom-1.6.7.tgz}
    name: '@floating-ui/dom'
    version: 1.6.7
    dependencies:
      '@floating-ui/core': registry.npmmirror.com/@floating-ui/core@1.6.4
      '@floating-ui/utils': registry.npmmirror.com/@floating-ui/utils@0.2.4
    dev: false

  registry.npmmirror.com/@floating-ui/utils@0.2.4:
    resolution: {integrity: sha512-dWO2pw8hhi+WrXq1YJy2yCuWoL20PddgGaqTgVe4cOS9Q6qklXCiA1tJEqX6BEwRNSCP84/afac9hd4MS+zEUA==, registry: http://192.168.12.88:10000/, tarball: https://registry.npmmirror.com/@floating-ui/utils/-/utils-0.2.4.tgz}
    name: '@floating-ui/utils'
    version: 0.2.4
    dev: false

  registry.npmmirror.com/@intlify/core-base@9.13.1:
    resolution: {integrity: sha512-+bcQRkJO9pcX8d0gel9ZNfrzU22sZFSA0WVhfXrf5jdJOS24a+Bp8pozuS9sBI9Hk/tGz83pgKfmqcn/Ci7/8w==, registry: http://192.168.12.88:10000/, tarball: https://registry.npmmirror.com/@intlify/core-base/-/core-base-9.13.1.tgz}
    name: '@intlify/core-base'
    version: 9.13.1
    engines: {node: '>= 16'}
    dependencies:
      '@intlify/message-compiler': registry.npmmirror.com/@intlify/message-compiler@9.13.1
      '@intlify/shared': registry.npmmirror.com/@intlify/shared@9.13.1
    dev: false

  registry.npmmirror.com/@intlify/message-compiler@9.13.1:
    resolution: {integrity: sha512-SKsVa4ajYGBVm7sHMXd5qX70O2XXjm55zdZB3VeMFCvQyvLew/dLvq3MqnaIsTMF1VkkOb9Ttr6tHcMlyPDL9w==, registry: http://192.168.12.88:10000/, tarball: https://registry.npmmirror.com/@intlify/message-compiler/-/message-compiler-9.13.1.tgz}
    name: '@intlify/message-compiler'
    version: 9.13.1
    engines: {node: '>= 16'}
    dependencies:
      '@intlify/shared': registry.npmmirror.com/@intlify/shared@9.13.1
      source-map-js: registry.npmmirror.com/source-map-js@1.2.0
    dev: false

  registry.npmmirror.com/@intlify/shared@9.13.1:
    resolution: {integrity: sha512-u3b6BKGhE6j/JeRU6C/RL2FgyJfy6LakbtfeVF8fJXURpZZTzfh3e05J0bu0XPw447Q6/WUp3C4ajv4TMS4YsQ==, registry: http://192.168.12.88:10000/, tarball: https://registry.npmmirror.com/@intlify/shared/-/shared-9.13.1.tgz}
    name: '@intlify/shared'
    version: 9.13.1
    engines: {node: '>= 16'}
    dev: false

  registry.npmmirror.com/@jridgewell/sourcemap-codec@1.4.15:
    resolution: {integrity: sha512-eF2rxCRulEKXHTRiDrDy6erMYWqNw4LPdQ8UQA4huuxaQsVeRPFl2oM8oDGxMFhJUWZf9McpLtJasDDZb/Bpeg==, registry: http://192.168.12.88:10000/, tarball: https://registry.npmmirror.com/@jridgewell/sourcemap-codec/-/sourcemap-codec-1.4.15.tgz}
    name: '@jridgewell/sourcemap-codec'
    version: 1.4.15
    dev: false

  registry.npmmirror.com/@sxzz/popperjs-es@2.11.7:
    resolution: {integrity: sha512-Ccy0NlLkzr0Ex2FKvh2X+OyERHXJ88XJ1MXtsI9y9fGexlaXaVTPzBCRBwIxFkORuOb+uBqeu+RqnpgYTEZRUQ==, registry: http://192.168.12.88:10000/, tarball: https://registry.npmmirror.com/@sxzz/popperjs-es/-/popperjs-es-2.11.7.tgz}
    name: '@sxzz/popperjs-es'
    version: 2.11.7
    dev: false

  registry.npmmirror.com/@types/lodash-es@4.17.12:
    resolution: {integrity: sha512-0NgftHUcV4v34VhXm8QBSftKVXtbkBG3ViCjs6+eJ5a6y6Mi/jiFGPc1sC7QK+9BFhWrURE3EOggmWaSxL9OzQ==, registry: http://192.168.12.88:10000/, tarball: https://registry.npmmirror.com/@types/lodash-es/-/lodash-es-4.17.12.tgz}
    name: '@types/lodash-es'
    version: 4.17.12
    dependencies:
      '@types/lodash': registry.npmmirror.com/@types/lodash@4.17.6
    dev: false

  registry.npmmirror.com/@types/lodash@4.17.6:
    resolution: {integrity: sha512-OpXEVoCKSS3lQqjx9GGGOapBeuW5eUboYHRlHP9urXPX25IKZ6AnP5ZRxtVf63iieUbsHxLn8NQ5Nlftc6yzAA==, registry: http://192.168.12.88:10000/, tarball: https://registry.npmmirror.com/@types/lodash/-/lodash-4.17.6.tgz}
    name: '@types/lodash'
    version: 4.17.6
    dev: false

  registry.npmmirror.com/@types/web-bluetooth@0.0.16:
    resolution: {integrity: sha512-oh8q2Zc32S6gd/j50GowEjKLoOVOwHP/bWVjKJInBwQqdOYMdPrf1oVlelTlyfFK3CKxL1uahMDAr+vy8T7yMQ==, registry: http://192.168.12.88:10000/, tarball: https://registry.npmmirror.com/@types/web-bluetooth/-/web-bluetooth-0.0.16.tgz}
    name: '@types/web-bluetooth'
    version: 0.0.16
    dev: false

  registry.npmmirror.com/@vue/compiler-core@3.3.13:
    resolution: {integrity: sha512-bwi9HShGu7uaZLOErZgsH2+ojsEdsjerbf2cMXPwmvcgZfVPZ2BVZzCVnwZBxTAYd6Mzbmf6izcUNDkWnBBQ6A==, registry: http://192.168.12.88:10000/, tarball: https://registry.npmmirror.com/@vue/compiler-core/-/compiler-core-3.3.13.tgz}
    name: '@vue/compiler-core'
    version: 3.3.13
    dependencies:
      '@babel/parser': registry.npmmirror.com/@babel/parser@7.24.7
      '@vue/shared': registry.npmmirror.com/@vue/shared@3.3.13
      estree-walker: registry.npmmirror.com/estree-walker@2.0.2
      source-map-js: registry.npmmirror.com/source-map-js@1.2.0
    dev: false

  registry.npmmirror.com/@vue/compiler-dom@3.3.13:
    resolution: {integrity: sha512-EYRDpbLadGtNL0Gph+HoKiYqXLqZ0xSSpR5Dvnu/Ep7ggaCbjRDIus1MMxTS2Qm0koXED4xSlvTZaTnI8cYAsw==, registry: http://192.168.12.88:10000/, tarball: https://registry.npmmirror.com/@vue/compiler-dom/-/compiler-dom-3.3.13.tgz}
    name: '@vue/compiler-dom'
    version: 3.3.13
    dependencies:
      '@vue/compiler-core': registry.npmmirror.com/@vue/compiler-core@3.3.13
      '@vue/shared': registry.npmmirror.com/@vue/shared@3.3.13
    dev: false

  registry.npmmirror.com/@vue/compiler-sfc@3.3.13:
    resolution: {integrity: sha512-DQVmHEy/EKIgggvnGRLx21hSqnr1smUS9Aq8tfxiiot8UR0/pXKHN9k78/qQ7etyQTFj5em5nruODON7dBeumw==, registry: http://192.168.12.88:10000/, tarball: https://registry.npmmirror.com/@vue/compiler-sfc/-/compiler-sfc-3.3.13.tgz}
    name: '@vue/compiler-sfc'
    version: 3.3.13
    dependencies:
      '@babel/parser': registry.npmmirror.com/@babel/parser@7.24.7
      '@vue/compiler-core': registry.npmmirror.com/@vue/compiler-core@3.3.13
      '@vue/compiler-dom': registry.npmmirror.com/@vue/compiler-dom@3.3.13
      '@vue/compiler-ssr': registry.npmmirror.com/@vue/compiler-ssr@3.3.13
      '@vue/reactivity-transform': registry.npmmirror.com/@vue/reactivity-transform@3.3.13
      '@vue/shared': registry.npmmirror.com/@vue/shared@3.3.13
      estree-walker: registry.npmmirror.com/estree-walker@2.0.2
      magic-string: registry.npmmirror.com/magic-string@0.30.10
      postcss: registry.npmmirror.com/postcss@8.4.39
      source-map-js: registry.npmmirror.com/source-map-js@1.2.0
    dev: false

  registry.npmmirror.com/@vue/compiler-ssr@3.3.13:
    resolution: {integrity: sha512-d/P3bCeUGmkJNS1QUZSAvoCIW4fkOKK3l2deE7zrp0ypJEy+En2AcypIkqvcFQOcw3F0zt2VfMvNsA9JmExTaw==, registry: http://192.168.12.88:10000/, tarball: https://registry.npmmirror.com/@vue/compiler-ssr/-/compiler-ssr-3.3.13.tgz}
    name: '@vue/compiler-ssr'
    version: 3.3.13
    dependencies:
      '@vue/compiler-dom': registry.npmmirror.com/@vue/compiler-dom@3.3.13
      '@vue/shared': registry.npmmirror.com/@vue/shared@3.3.13
    dev: false

  registry.npmmirror.com/@vue/devtools-api@6.6.3:
    resolution: {integrity: sha512-0MiMsFma/HqA6g3KLKn+AGpL1kgKhFWszC9U29NfpWK5LE7bjeXxySWJrOJ77hBz+TBrBQ7o4QJqbPbqbs8rJw==, registry: http://192.168.12.88:10000/, tarball: https://registry.npmmirror.com/@vue/devtools-api/-/devtools-api-6.6.3.tgz}
    name: '@vue/devtools-api'
    version: 6.6.3
    dev: false

  registry.npmmirror.com/@vue/reactivity-transform@3.3.13:
    resolution: {integrity: sha512-oWnydGH0bBauhXvh5KXUy61xr9gKaMbtsMHk40IK9M4gMuKPJ342tKFarY0eQ6jef8906m35q37wwA8DMZOm5Q==, registry: http://192.168.12.88:10000/, tarball: https://registry.npmmirror.com/@vue/reactivity-transform/-/reactivity-transform-3.3.13.tgz}
    name: '@vue/reactivity-transform'
    version: 3.3.13
    dependencies:
      '@babel/parser': registry.npmmirror.com/@babel/parser@7.24.7
      '@vue/compiler-core': registry.npmmirror.com/@vue/compiler-core@3.3.13
      '@vue/shared': registry.npmmirror.com/@vue/shared@3.3.13
      estree-walker: registry.npmmirror.com/estree-walker@2.0.2
      magic-string: registry.npmmirror.com/magic-string@0.30.10
    dev: false

  registry.npmmirror.com/@vue/reactivity@3.3.13:
    resolution: {integrity: sha512-fjzCxceMahHhi4AxUBzQqqVhuA21RJ0COaWTbIBl1PruGW1CeY97louZzLi4smpYx+CHfFPPU/CS8NybbGvPKQ==, registry: http://192.168.12.88:10000/, tarball: https://registry.npmmirror.com/@vue/reactivity/-/reactivity-3.3.13.tgz}
    name: '@vue/reactivity'
    version: 3.3.13
    dependencies:
      '@vue/shared': registry.npmmirror.com/@vue/shared@3.3.13
    dev: false

  registry.npmmirror.com/@vue/runtime-core@3.3.13:
    resolution: {integrity: sha512-1TzA5TvGuh2zUwMJgdfvrBABWZ7y8kBwBhm7BXk8rvdx2SsgcGfz2ruv2GzuGZNvL1aKnK8CQMV/jFOrxNQUMA==, registry: http://192.168.12.88:10000/, tarball: https://registry.npmmirror.com/@vue/runtime-core/-/runtime-core-3.3.13.tgz}
    name: '@vue/runtime-core'
    version: 3.3.13
    dependencies:
      '@vue/reactivity': registry.npmmirror.com/@vue/reactivity@3.3.13
      '@vue/shared': registry.npmmirror.com/@vue/shared@3.3.13
    dev: false

  registry.npmmirror.com/@vue/runtime-dom@3.3.13:
    resolution: {integrity: sha512-JJkpE8R/hJKXqVTgUoODwS5wqKtOsmJPEqmp90PDVGygtJ4C0PtOkcEYXwhiVEmef6xeXcIlrT3Yo5aQ4qkHhQ==, registry: http://192.168.12.88:10000/, tarball: https://registry.npmmirror.com/@vue/runtime-dom/-/runtime-dom-3.3.13.tgz}
    name: '@vue/runtime-dom'
    version: 3.3.13
    dependencies:
      '@vue/runtime-core': registry.npmmirror.com/@vue/runtime-core@3.3.13
      '@vue/shared': registry.npmmirror.com/@vue/shared@3.3.13
      csstype: registry.npmmirror.com/csstype@3.1.3
    dev: false

  registry.npmmirror.com/@vue/server-renderer@3.3.13(vue@3.3.13):
    resolution: {integrity: sha512-vSnN+nuf6iSqTL3Qgx/9A+BT+0Zf/VJOgF5uMZrKjYPs38GMYyAU1coDyBNHauehXDaP+zl73VhwWv0vBRBHcg==, registry: http://192.168.12.88:10000/, tarball: https://registry.npmmirror.com/@vue/server-renderer/-/server-renderer-3.3.13.tgz}
    id: registry.npmmirror.com/@vue/server-renderer/3.3.13
    name: '@vue/server-renderer'
    version: 3.3.13
    peerDependencies:
      vue: 3.3.13
    dependencies:
      '@vue/compiler-ssr': registry.npmmirror.com/@vue/compiler-ssr@3.3.13
      '@vue/shared': registry.npmmirror.com/@vue/shared@3.3.13
      vue: registry.npmmirror.com/vue@3.3.13
    dev: false

  registry.npmmirror.com/@vue/shared@3.3.13:
    resolution: {integrity: sha512-/zYUwiHD8j7gKx2argXEMCUXVST6q/21DFU0sTfNX0URJroCe3b1UF6vLJ3lQDfLNIiiRl2ONp7Nh5UVWS6QnA==, registry: http://192.168.12.88:10000/, tarball: https://registry.npmmirror.com/@vue/shared/-/shared-3.3.13.tgz}
    name: '@vue/shared'
    version: 3.3.13
    dev: false

  registry.npmmirror.com/@vueuse/core@9.13.0(vue@3.3.13):
    resolution: {integrity: sha512-pujnclbeHWxxPRqXWmdkKV5OX4Wk4YeK7wusHqRwU0Q7EFusHoqNA/aPhB6KCh9hEqJkLAJo7bb0Lh9b+OIVzw==, registry: http://192.168.12.88:10000/, tarball: https://registry.npmmirror.com/@vueuse/core/-/core-9.13.0.tgz}
    id: registry.npmmirror.com/@vueuse/core/9.13.0
    name: '@vueuse/core'
    version: 9.13.0
    dependencies:
      '@types/web-bluetooth': registry.npmmirror.com/@types/web-bluetooth@0.0.16
      '@vueuse/metadata': registry.npmmirror.com/@vueuse/metadata@9.13.0
      '@vueuse/shared': registry.npmmirror.com/@vueuse/shared@9.13.0(vue@3.3.13)
      vue-demi: registry.npmmirror.com/vue-demi@0.14.8(vue@3.3.13)
    transitivePeerDependencies:
      - '@vue/composition-api'
      - vue
    dev: false

  registry.npmmirror.com/@vueuse/metadata@9.13.0:
    resolution: {integrity: sha512-gdU7TKNAUVlXXLbaF+ZCfte8BjRJQWPCa2J55+7/h+yDtzw3vOoGQDRXzI6pyKyo6bXFT5/QoPE4hAknExjRLQ==, registry: http://192.168.12.88:10000/, tarball: https://registry.npmmirror.com/@vueuse/metadata/-/metadata-9.13.0.tgz}
    name: '@vueuse/metadata'
    version: 9.13.0
    dev: false

  registry.npmmirror.com/@vueuse/shared@9.13.0(vue@3.3.13):
    resolution: {integrity: sha512-UrnhU+Cnufu4S6JLCPZnkWh0WwZGUp72ktOF2DFptMlOs3TOdVv8xJN53zhHGARmVOsz5KqOls09+J1NR6sBKw==, registry: http://192.168.12.88:10000/, tarball: https://registry.npmmirror.com/@vueuse/shared/-/shared-9.13.0.tgz}
    id: registry.npmmirror.com/@vueuse/shared/9.13.0
    name: '@vueuse/shared'
    version: 9.13.0
    dependencies:
      vue-demi: registry.npmmirror.com/vue-demi@0.14.8(vue@3.3.13)
    transitivePeerDependencies:
      - '@vue/composition-api'
      - vue
    dev: false

  registry.npmmirror.com/async-validator@4.2.5:
    resolution: {integrity: sha512-7HhHjtERjqlNbZtqNqy2rckN/SpOOlmDliet+lP7k+eKZEjPk3DgyeU9lIXLdeLz0uBbbVp+9Qdow9wJWgwwfg==, registry: http://192.168.12.88:10000/, tarball: https://registry.npmmirror.com/async-validator/-/async-validator-4.2.5.tgz}
    name: async-validator
    version: 4.2.5
    dev: false

  registry.npmmirror.com/asynckit@0.4.0:
    resolution: {integrity: sha512-Oei9OH4tRh0YqU3GxhX79dM/mwVgvbZJaSNaRk+bshkj0S5cfHcgYakreBjrHwatXKbz+IoIdYLxrKim2MjW0Q==, registry: http://192.168.12.88:10000/, tarball: https://registry.npmmirror.com/asynckit/-/asynckit-0.4.0.tgz}
    name: asynckit
    version: 0.4.0
    dev: false

  registry.npmmirror.com/axios@0.21.4:
    resolution: {integrity: sha512-ut5vewkiu8jjGBdqpM44XxjuCjq9LAKeHVmoVfHVzy8eHgxxq8SbAVQNovDA8mVi05kP0Ea/n/UzcSHcTJQfNg==, registry: http://192.168.12.88:10000/, tarball: https://registry.npmmirror.com/axios/-/axios-0.21.4.tgz}
    name: axios
    version: 0.21.4
    dependencies:
      follow-redirects: registry.npmmirror.com/follow-redirects@1.15.6
    transitivePeerDependencies:
      - debug
    dev: false

  registry.npmmirror.com/axios@1.7.2:
    resolution: {integrity: sha512-2A8QhOMrbomlDuiLeK9XibIBzuHeRcqqNOHp0Cyp5EoJ1IFDh+XZH3A6BkXtv0K4gFGCI0Y4BM7B1wOEi0Rmgw==, registry: http://192.168.12.88:10000/, tarball: https://registry.npmmirror.com/axios/-/axios-1.7.2.tgz}
    name: axios
    version: 1.7.2
    dependencies:
      follow-redirects: registry.npmmirror.com/follow-redirects@1.15.6
      form-data: registry.npmmirror.com/form-data@4.0.0
      proxy-from-env: registry.npmmirror.com/proxy-from-env@1.1.0
    transitivePeerDependencies:
      - debug
    dev: false

  registry.npmmirror.com/call-bind@1.0.7:
    resolution: {integrity: sha512-GHTSNSYICQ7scH7sZ+M2rFopRoLh8t2bLSW6BbgrtLsahOIB5iyAVJf9GjWK3cYTDaMj4XdBpM1cA6pIS0Kv2w==, registry: http://192.168.12.88:10000/, tarball: https://registry.npmmirror.com/call-bind/-/call-bind-1.0.7.tgz}
    name: call-bind
    version: 1.0.7
    engines: {node: '>= 0.4'}
    dependencies:
      es-define-property: registry.npmmirror.com/es-define-property@1.0.0
      es-errors: registry.npmmirror.com/es-errors@1.3.0
      function-bind: registry.npmmirror.com/function-bind@1.1.2
      get-intrinsic: registry.npmmirror.com/get-intrinsic@1.2.4
      set-function-length: registry.npmmirror.com/set-function-length@1.2.2
    dev: false

  registry.npmmirror.com/combined-stream@1.0.8:
    resolution: {integrity: sha512-FQN4MRfuJeHf7cBbBMJFXhKSDq+2kAArBlmRBvcvFE5BB1HZKXtSFASDhdlz9zOYwxh8lDdnvmMOe/+5cdoEdg==, registry: http://192.168.12.88:10000/, tarball: https://registry.npmmirror.com/combined-stream/-/combined-stream-1.0.8.tgz}
    name: combined-stream
    version: 1.0.8
    engines: {node: '>= 0.8'}
    dependencies:
      delayed-stream: registry.npmmirror.com/delayed-stream@1.0.0
    dev: false

  registry.npmmirror.com/crypto-js@4.2.0:
    resolution: {integrity: sha512-KALDyEYgpY+Rlob/iriUtjV6d5Eq+Y191A5g4UqLAi8CyGP9N1+FdVbkc1SxKc2r4YAYqG8JzO2KGL+AizD70Q==, registry: http://192.168.12.88:10000/, tarball: https://registry.npmmirror.com/crypto-js/-/crypto-js-4.2.0.tgz}
    name: crypto-js
    version: 4.2.0
    dev: false

  registry.npmmirror.com/csstype@3.1.3:
    resolution: {integrity: sha512-M1uQkMl8rQK/szD0LNhtqxIPLpimGm8sOBwU7lLnCpSbTyY3yeU1Vc7l4KT5zT4s/yOxHH5O7tIuuLOCnLADRw==, registry: http://192.168.12.88:10000/, tarball: https://registry.npmmirror.com/csstype/-/csstype-3.1.3.tgz}
    name: csstype
    version: 3.1.3
    dev: false

  registry.npmmirror.com/dayjs@1.11.11:
    resolution: {integrity: sha512-okzr3f11N6WuqYtZSvm+F776mB41wRZMhKP+hc34YdW+KmtYYK9iqvHSwo2k9FEH3fhGXvOPV6yz2IcSrfRUDg==, registry: http://192.168.12.88:10000/, tarball: https://registry.npmmirror.com/dayjs/-/dayjs-1.11.11.tgz}
    name: dayjs
    version: 1.11.11
    dev: false

  registry.npmmirror.com/define-data-property@1.1.4:
    resolution: {integrity: sha512-rBMvIzlpA8v6E+SJZoo++HAYqsLrkg7MSfIinMPFhmkorw7X+dOXVJQs+QT69zGkzMyfDnIMN2Wid1+NbL3T+A==, registry: http://192.168.12.88:10000/, tarball: https://registry.npmmirror.com/define-data-property/-/define-data-property-1.1.4.tgz}
    name: define-data-property
    version: 1.1.4
    engines: {node: '>= 0.4'}
    dependencies:
      es-define-property: registry.npmmirror.com/es-define-property@1.0.0
      es-errors: registry.npmmirror.com/es-errors@1.3.0
      gopd: registry.npmmirror.com/gopd@1.0.1
    dev: false

  registry.npmmirror.com/delayed-stream@1.0.0:
    resolution: {integrity: sha512-ZySD7Nf91aLB0RxL4KGrKHBXl7Eds1DAmEdcoVawXnLD7SDhpNgtuII2aAkg7a7QS41jxPSZ17p4VdGnMHk3MQ==, registry: http://192.168.12.88:10000/, tarball: https://registry.npmmirror.com/delayed-stream/-/delayed-stream-1.0.0.tgz}
    name: delayed-stream
    version: 1.0.0
    engines: {node: '>=0.4.0'}
    dev: false

  registry.npmmirror.com/element-plus@2.3.14(vue@3.3.13):
    resolution: {integrity: sha512-9yvxUaU4jXf2ZNPdmIxoj/f8BG8CDcGM6oHa9JIqxLjQlfY4bpzR1E5CjNimnOX3rxO93w1TQ0jTVt0RSxh9kA==, registry: http://192.168.12.88:10000/, tarball: https://registry.npmmirror.com/element-plus/-/element-plus-2.3.14.tgz}
    id: registry.npmmirror.com/element-plus/2.3.14
    name: element-plus
    version: 2.3.14
    peerDependencies:
      vue: ^3.2.0
    dependencies:
      '@ctrl/tinycolor': registry.npmmirror.com/@ctrl/tinycolor@3.6.1
      '@element-plus/icons-vue': registry.npmmirror.com/@element-plus/icons-vue@2.3.1(vue@3.3.13)
      '@floating-ui/dom': registry.npmmirror.com/@floating-ui/dom@1.6.7
      '@popperjs/core': registry.npmmirror.com/@sxzz/popperjs-es@2.11.7
      '@types/lodash': registry.npmmirror.com/@types/lodash@4.17.6
      '@types/lodash-es': registry.npmmirror.com/@types/lodash-es@4.17.12
      '@vueuse/core': registry.npmmirror.com/@vueuse/core@9.13.0(vue@3.3.13)
      async-validator: registry.npmmirror.com/async-validator@4.2.5
      dayjs: registry.npmmirror.com/dayjs@1.11.11
      escape-html: registry.npmmirror.com/escape-html@1.0.3
      lodash: registry.npmmirror.com/lodash@4.17.21
      lodash-es: registry.npmmirror.com/lodash-es@4.17.21
      lodash-unified: registry.npmmirror.com/lodash-unified@1.0.3(@types/lodash-es@4.17.12)(lodash-es@4.17.21)(lodash@4.17.21)
      memoize-one: registry.npmmirror.com/memoize-one@6.0.0
      normalize-wheel-es: registry.npmmirror.com/normalize-wheel-es@1.2.0
      vue: registry.npmmirror.com/vue@3.3.13
    transitivePeerDependencies:
      - '@vue/composition-api'
    dev: false

  registry.npmmirror.com/es-define-property@1.0.0:
    resolution: {integrity: sha512-jxayLKShrEqqzJ0eumQbVhTYQM27CfT1T35+gCgDFoL82JLsXqTJ76zv6A0YLOgEnLUMvLzsDsGIrl8NFpT2gQ==, registry: http://192.168.12.88:10000/, tarball: https://registry.npmmirror.com/es-define-property/-/es-define-property-1.0.0.tgz}
    name: es-define-property
    version: 1.0.0
    engines: {node: '>= 0.4'}
    dependencies:
      get-intrinsic: registry.npmmirror.com/get-intrinsic@1.2.4
    dev: false

  registry.npmmirror.com/es-errors@1.3.0:
    resolution: {integrity: sha512-Zf5H2Kxt2xjTvbJvP2ZWLEICxA6j+hAmMzIlypy4xcBg1vKVnx89Wy0GbS+kf5cwCVFFzdCFh2XSCFNULS6csw==, registry: http://192.168.12.88:10000/, tarball: https://registry.npmmirror.com/es-errors/-/es-errors-1.3.0.tgz}
    name: es-errors
    version: 1.3.0
    engines: {node: '>= 0.4'}
    dev: false

  registry.npmmirror.com/escape-html@1.0.3:
    resolution: {integrity: sha512-NiSupZ4OeuGwr68lGIeym/ksIZMJodUGOSCZ/FSnTxcrekbvqrgdUxlJOMpijaKZVjAJrWrGs/6Jy8OMuyj9ow==, registry: http://192.168.12.88:10000/, tarball: https://registry.npmmirror.com/escape-html/-/escape-html-1.0.3.tgz}
    name: escape-html
    version: 1.0.3
    dev: false

  registry.npmmirror.com/estree-walker@2.0.2:
    resolution: {integrity: sha512-Rfkk/Mp/DL7JVje3u18FxFujQlTNR2q6QfMSMB7AvCBx91NGj/ba3kCfza0f6dVDbw7YlRf/nDrn7pQrCCyQ/w==, registry: http://192.168.12.88:10000/, tarball: https://registry.npmmirror.com/estree-walker/-/estree-walker-2.0.2.tgz}
    name: estree-walker
    version: 2.0.2
    dev: false

  registry.npmmirror.com/follow-redirects@1.15.6:
    resolution: {integrity: sha512-wWN62YITEaOpSK584EZXJafH1AGpO8RVgElfkuXbTOrPX4fIfOyEpW/CsiNd8JdYrAoOvafRTOEnvsO++qCqFA==, registry: http://192.168.12.88:10000/, tarball: https://registry.npmmirror.com/follow-redirects/-/follow-redirects-1.15.6.tgz}
    name: follow-redirects
    version: 1.15.6
    engines: {node: '>=4.0'}
    peerDependencies:
      debug: '*'
    peerDependenciesMeta:
      debug:
        optional: true
    dev: false

  registry.npmmirror.com/form-data@4.0.0:
    resolution: {integrity: sha512-ETEklSGi5t0QMZuiXoA/Q6vcnxcLQP5vdugSpuAyi6SVGi2clPPp+xgEhuMaHC+zGgn31Kd235W35f7Hykkaww==, registry: http://192.168.12.88:10000/, tarball: https://registry.npmmirror.com/form-data/-/form-data-4.0.0.tgz}
    name: form-data
    version: 4.0.0
    engines: {node: '>= 6'}
    dependencies:
      asynckit: registry.npmmirror.com/asynckit@0.4.0
      combined-stream: registry.npmmirror.com/combined-stream@1.0.8
      mime-types: registry.npmmirror.com/mime-types@2.1.35
    dev: false

  registry.npmmirror.com/function-bind@1.1.2:
    resolution: {integrity: sha512-7XHNxH7qX9xG5mIwxkhumTox/MIRNcOgDrxWsMt2pAr23WHp6MrRlN7FBSFpCpr+oVO0F744iUgR82nJMfG2SA==, registry: http://192.168.12.88:10000/, tarball: https://registry.npmmirror.com/function-bind/-/function-bind-1.1.2.tgz}
    name: function-bind
    version: 1.1.2
    dev: false

  registry.npmmirror.com/get-intrinsic@1.2.4:
    resolution: {integrity: sha512-5uYhsJH8VJBTv7oslg4BznJYhDoRI6waYCxMmCdnTrcCrHA/fCFKoTFz2JKKE0HdDFUF7/oQuhzumXJK7paBRQ==, registry: http://192.168.12.88:10000/, tarball: https://registry.npmmirror.com/get-intrinsic/-/get-intrinsic-1.2.4.tgz}
    name: get-intrinsic
    version: 1.2.4
    engines: {node: '>= 0.4'}
    dependencies:
      es-errors: registry.npmmirror.com/es-errors@1.3.0
      function-bind: registry.npmmirror.com/function-bind@1.1.2
      has-proto: registry.npmmirror.com/has-proto@1.0.3
      has-symbols: registry.npmmirror.com/has-symbols@1.0.3
      hasown: registry.npmmirror.com/hasown@2.0.2
    dev: false

  registry.npmmirror.com/gopd@1.0.1:
    resolution: {integrity: sha512-d65bNlIadxvpb/A2abVdlqKqV563juRnZ1Wtk6s1sIR8uNsXR70xqIzVqxVf1eTqDunwT2MkczEeaezCKTZhwA==, registry: http://192.168.12.88:10000/, tarball: https://registry.npmmirror.com/gopd/-/gopd-1.0.1.tgz}
    name: gopd
    version: 1.0.1
    dependencies:
      get-intrinsic: registry.npmmirror.com/get-intrinsic@1.2.4
    dev: false

  registry.npmmirror.com/has-property-descriptors@1.0.2:
    resolution: {integrity: sha512-55JNKuIW+vq4Ke1BjOTjM2YctQIvCT7GFzHwmfZPGo5wnrgkid0YQtnAleFSqumZm4az3n2BS+erby5ipJdgrg==, registry: http://192.168.12.88:10000/, tarball: https://registry.npmmirror.com/has-property-descriptors/-/has-property-descriptors-1.0.2.tgz}
    name: has-property-descriptors
    version: 1.0.2
    dependencies:
      es-define-property: registry.npmmirror.com/es-define-property@1.0.0
    dev: false

  registry.npmmirror.com/has-proto@1.0.3:
    resolution: {integrity: sha512-SJ1amZAJUiZS+PhsVLf5tGydlaVB8EdFpaSO4gmiUKUOxk8qzn5AIy4ZeJUmh22znIdk/uMAUT2pl3FxzVUH+Q==, registry: http://192.168.12.88:10000/, tarball: https://registry.npmmirror.com/has-proto/-/has-proto-1.0.3.tgz}
    name: has-proto
    version: 1.0.3
    engines: {node: '>= 0.4'}
    dev: false

  registry.npmmirror.com/has-symbols@1.0.3:
    resolution: {integrity: sha512-l3LCuF6MgDNwTDKkdYGEihYjt5pRPbEg46rtlmnSPlUbgmB8LOIrKJbYYFBSbnPaJexMKtiPO8hmeRjRz2Td+A==, registry: http://192.168.12.88:10000/, tarball: https://registry.npmmirror.com/has-symbols/-/has-symbols-1.0.3.tgz}
    name: has-symbols
    version: 1.0.3
    engines: {node: '>= 0.4'}
    dev: false

  registry.npmmirror.com/hasown@2.0.2:
    resolution: {integrity: sha512-0hJU9SCPvmMzIBdZFqNPXWa6dqh7WdH0cII9y+CyS8rG3nL48Bclra9HmKhVVUHyPWNH5Y7xDwAB7bfgSjkUMQ==, registry: http://192.168.12.88:10000/, tarball: https://registry.npmmirror.com/hasown/-/hasown-2.0.2.tgz}
    name: hasown
    version: 2.0.2
    engines: {node: '>= 0.4'}
    dependencies:
      function-bind: registry.npmmirror.com/function-bind@1.1.2
    dev: false

  registry.npmmirror.com/js-cookie@3.0.5:
    resolution: {integrity: sha512-cEiJEAEoIbWfCZYKWhVwFuvPX1gETRYPw6LlaTKoxD3s2AkXzkCjnp6h0V77ozyqj0jakteJ4YqDJT830+lVGw==, registry: http://192.168.12.88:10000/, tarball: https://registry.npmmirror.com/js-cookie/-/js-cookie-3.0.5.tgz}
    name: js-cookie
    version: 3.0.5
    engines: {node: '>=14'}
    dev: false

  registry.npmmirror.com/lodash-es@4.17.21:
    resolution: {integrity: sha512-mKnC+QJ9pWVzv+C4/U3rRsHapFfHvQFoFB92e52xeyGMcX6/OlIl78je1u8vePzYZSkkogMPJ2yjxxsb89cxyw==, registry: http://192.168.12.88:10000/, tarball: https://registry.npmmirror.com/lodash-es/-/lodash-es-4.17.21.tgz}
    name: lodash-es
    version: 4.17.21
    dev: false

  registry.npmmirror.com/lodash-unified@1.0.3(@types/lodash-es@4.17.12)(lodash-es@4.17.21)(lodash@4.17.21):
    resolution: {integrity: sha512-WK9qSozxXOD7ZJQlpSqOT+om2ZfcT4yO+03FuzAHD0wF6S0l0090LRPDx3vhTTLZ8cFKpBn+IOcVXK6qOcIlfQ==, registry: http://192.168.12.88:10000/, tarball: https://registry.npmmirror.com/lodash-unified/-/lodash-unified-1.0.3.tgz}
    id: registry.npmmirror.com/lodash-unified/1.0.3
    name: lodash-unified
    version: 1.0.3
    peerDependencies:
      '@types/lodash-es': '*'
      lodash: '*'
      lodash-es: '*'
    dependencies:
      '@types/lodash-es': registry.npmmirror.com/@types/lodash-es@4.17.12
      lodash: registry.npmmirror.com/lodash@4.17.21
      lodash-es: registry.npmmirror.com/lodash-es@4.17.21
    dev: false

  registry.npmmirror.com/lodash@4.17.21:
    resolution: {integrity: sha512-v2kDEe57lecTulaDIuNTPy3Ry4gLGJ6Z1O3vE1krgXZNrsQ+LFTGHVxVjcXPs17LhbZVGedAJv8XZ1tvj5FvSg==, registry: http://192.168.12.88:10000/, tarball: https://registry.npmmirror.com/lodash/-/lodash-4.17.21.tgz}
    name: lodash
    version: 4.17.21
    dev: false

  registry.npmmirror.com/magic-string@0.30.10:
    resolution: {integrity: sha512-iIRwTIf0QKV3UAnYK4PU8uiEc4SRh5jX0mwpIwETPpHdhVM4f53RSwS/vXvN1JhGX+Cs7B8qIq3d6AH49O5fAQ==, registry: http://192.168.12.88:10000/, tarball: https://registry.npmmirror.com/magic-string/-/magic-string-0.30.10.tgz}
    name: magic-string
    version: 0.30.10
    dependencies:
      '@jridgewell/sourcemap-codec': registry.npmmirror.com/@jridgewell/sourcemap-codec@1.4.15
    dev: false

  registry.npmmirror.com/memoize-one@6.0.0:
    resolution: {integrity: sha512-rkpe71W0N0c0Xz6QD0eJETuWAJGnJ9afsl1srmwPrI+yBCkge5EycXXbYRyvL29zZVUWQCY7InPRCv3GDXuZNw==, registry: http://192.168.12.88:10000/, tarball: https://registry.npmmirror.com/memoize-one/-/memoize-one-6.0.0.tgz}
    name: memoize-one
    version: 6.0.0
    dev: false

  registry.npmmirror.com/mime-db@1.52.0:
    resolution: {integrity: sha512-sPU4uV7dYlvtWJxwwxHD0PuihVNiE7TyAbQ5SWxDCB9mUYvOgroQOwYQQOKPJ8CIbE+1ETVlOoK1UC2nU3gYvg==, registry: http://192.168.12.88:10000/, tarball: https://registry.npmmirror.com/mime-db/-/mime-db-1.52.0.tgz}
    name: mime-db
    version: 1.52.0
    engines: {node: '>= 0.6'}
    dev: false

  registry.npmmirror.com/mime-types@2.1.35:
    resolution: {integrity: sha512-ZDY+bPm5zTTF+YpCrAU9nK0UgICYPT0QtT1NZWFv4s++TNkcgVaT0g6+4R2uI4MjQjzysHB1zxuWL50hzaeXiw==, registry: http://192.168.12.88:10000/, tarball: https://registry.npmmirror.com/mime-types/-/mime-types-2.1.35.tgz}
    name: mime-types
    version: 2.1.35
    engines: {node: '>= 0.6'}
    dependencies:
      mime-db: registry.npmmirror.com/mime-db@1.52.0
    dev: false

  registry.npmmirror.com/mitt@3.0.1:
    resolution: {integrity: sha512-vKivATfr97l2/QBCYAkXYDbrIWPM2IIKEl7YPhjCvKlG3kE2gm+uBo6nEXK3M5/Ffh/FLpKExzOQ3JJoJGFKBw==, registry: http://192.168.12.88:10000/, tarball: https://registry.npmmirror.com/mitt/-/mitt-3.0.1.tgz}
    name: mitt
    version: 3.0.1
    dev: false

  registry.npmmirror.com/nanoid@3.3.7:
    resolution: {integrity: sha512-eSRppjcPIatRIMC1U6UngP8XFcz8MQWGQdt1MTBQ7NaAmvXDfvNxbvWV3x2y6CdEUciCSsDHDQZbhYaB8QEo2g==, registry: http://192.168.12.88:10000/, tarball: https://registry.npmmirror.com/nanoid/-/nanoid-3.3.7.tgz}
    name: nanoid
    version: 3.3.7
    engines: {node: ^10 || ^12 || ^13.7 || ^14 || >=15.0.1}
    hasBin: true
    dev: false

  registry.npmmirror.com/normalize-wheel-es@1.2.0:
    resolution: {integrity: sha512-Wj7+EJQ8mSuXr2iWfnujrimU35R2W4FAErEyTmJoJ7ucwTn2hOUSsRehMb5RSYkxXGTM7Y9QpvPmp++w5ftoJw==, registry: http://192.168.12.88:10000/, tarball: https://registry.npmmirror.com/normalize-wheel-es/-/normalize-wheel-es-1.2.0.tgz}
    name: normalize-wheel-es
    version: 1.2.0
    dev: false

  registry.npmmirror.com/object-inspect@1.13.2:
    resolution: {integrity: sha512-IRZSRuzJiynemAXPYtPe5BoI/RESNYR7TYm50MC5Mqbd3Jmw5y790sErYw3V6SryFJD64b74qQQs9wn5Bg/k3g==, registry: http://192.168.12.88:10000/, tarball: https://registry.npmmirror.com/object-inspect/-/object-inspect-1.13.2.tgz}
    name: object-inspect
    version: 1.13.2
    engines: {node: '>= 0.4'}
    dev: false

  registry.npmmirror.com/picocolors@1.0.1:
    resolution: {integrity: sha512-anP1Z8qwhkbmu7MFP5iTt+wQKXgwzf7zTyGlcdzabySa9vd0Xt392U0rVmz9poOaBj0uHJKyyo9/upk0HrEQew==, registry: http://192.168.12.88:10000/, tarball: https://registry.npmmirror.com/picocolors/-/picocolors-1.0.1.tgz}
    name: picocolors
    version: 1.0.1
    dev: false

  registry.npmmirror.com/postcss@8.4.39:
    resolution: {integrity: sha512-0vzE+lAiG7hZl1/9I8yzKLx3aR9Xbof3fBHKunvMfOCYAtMhrsnccJY2iTURb9EZd5+pLuiNV9/c/GZJOHsgIw==, registry: http://192.168.12.88:10000/, tarball: https://registry.npmmirror.com/postcss/-/postcss-8.4.39.tgz}
    name: postcss
    version: 8.4.39
    engines: {node: ^10 || ^12 || >=14}
    dependencies:
      nanoid: registry.npmmirror.com/nanoid@3.3.7
      picocolors: registry.npmmirror.com/picocolors@1.0.1
      source-map-js: registry.npmmirror.com/source-map-js@1.2.0
    dev: false

  registry.npmmirror.com/proxy-from-env@1.1.0:
    resolution: {integrity: sha512-D+zkORCbA9f1tdWRK0RaCR3GPv50cMxcrz4X8k5LTSUD1Dkw47mKJEZQNunItRTkWwgtaUSo1RVFRIG9ZXiFYg==, registry: http://192.168.12.88:10000/, tarball: https://registry.npmmirror.com/proxy-from-env/-/proxy-from-env-1.1.0.tgz}
    name: proxy-from-env
    version: 1.1.0
    dev: false

  registry.npmmirror.com/qs@6.12.2:
    resolution: {integrity: sha512-x+NLUpx9SYrcwXtX7ob1gnkSems4i/mGZX5SlYxwIau6RrUSODO89TR/XDGGpn5RPWSYIB+aSfuSlV5+CmbTBg==, registry: http://192.168.12.88:10000/, tarball: https://registry.npmmirror.com/qs/-/qs-6.12.2.tgz}
    name: qs
    version: 6.12.2
    engines: {node: '>=0.6'}
    dependencies:
      side-channel: registry.npmmirror.com/side-channel@1.0.6
    dev: false

  registry.npmmirror.com/set-function-length@1.2.2:
    resolution: {integrity: sha512-pgRc4hJ4/sNjWCSS9AmnS40x3bNMDTknHgL5UaMBTMyJnU90EgWh1Rz+MC9eFu4BuN/UwZjKQuY/1v3rM7HMfg==, registry: http://192.168.12.88:10000/, tarball: https://registry.npmmirror.com/set-function-length/-/set-function-length-1.2.2.tgz}
    name: set-function-length
    version: 1.2.2
    engines: {node: '>= 0.4'}
    dependencies:
      define-data-property: registry.npmmirror.com/define-data-property@1.1.4
      es-errors: registry.npmmirror.com/es-errors@1.3.0
      function-bind: registry.npmmirror.com/function-bind@1.1.2
      get-intrinsic: registry.npmmirror.com/get-intrinsic@1.2.4
      gopd: registry.npmmirror.com/gopd@1.0.1
      has-property-descriptors: registry.npmmirror.com/has-property-descriptors@1.0.2
    dev: false

  registry.npmmirror.com/side-channel@1.0.6:
    resolution: {integrity: sha512-fDW/EZ6Q9RiO8eFG8Hj+7u/oW+XrPTIChwCOM2+th2A6OblDtYYIpve9m+KvI9Z4C9qSEXlaGR6bTEYHReuglA==, registry: http://192.168.12.88:10000/, tarball: https://registry.npmmirror.com/side-channel/-/side-channel-1.0.6.tgz}
    name: side-channel
    version: 1.0.6
    engines: {node: '>= 0.4'}
    dependencies:
      call-bind: registry.npmmirror.com/call-bind@1.0.7
      es-errors: registry.npmmirror.com/es-errors@1.3.0
      get-intrinsic: registry.npmmirror.com/get-intrinsic@1.2.4
      object-inspect: registry.npmmirror.com/object-inspect@1.13.2
    dev: false

  registry.npmmirror.com/source-map-js@1.2.0:
    resolution: {integrity: sha512-itJW8lvSA0TXEphiRoawsCksnlf8SyvmFzIhltqAHluXd88pkCd+cXJVHTDwdCr0IzwptSm035IHQktUu1QUMg==, registry: http://192.168.12.88:10000/, tarball: https://registry.npmmirror.com/source-map-js/-/source-map-js-1.2.0.tgz}
    name: source-map-js
    version: 1.2.0
    engines: {node: '>=0.10.0'}
    dev: false

  registry.npmmirror.com/to-fast-properties@2.0.0:
    resolution: {integrity: sha512-/OaKK0xYrs3DmxRYqL/yDc+FxFUVYhDlXMhRmv3z915w2HF1tnN1omB354j8VUGO/hbRzyD6Y3sA7v7GS/ceog==, registry: http://192.168.12.88:10000/, tarball: https://registry.npmmirror.com/to-fast-properties/-/to-fast-properties-2.0.0.tgz}
    name: to-fast-properties
    version: 2.0.0
    engines: {node: '>=4'}
    dev: false

  registry.npmmirror.com/vue-demi@0.14.8(vue@3.3.13):
    resolution: {integrity: sha512-Uuqnk9YE9SsWeReYqK2alDI5YzciATE0r2SkA6iMAtuXvNTMNACJLJEXNXaEy94ECuBe4Sk6RzRU80kjdbIo1Q==, registry: http://192.168.12.88:10000/, tarball: https://registry.npmmirror.com/vue-demi/-/vue-demi-0.14.8.tgz}
    id: registry.npmmirror.com/vue-demi/0.14.8
    name: vue-demi
    version: 0.14.8
    engines: {node: '>=12'}
    hasBin: true
    requiresBuild: true
    peerDependencies:
      '@vue/composition-api': ^1.0.0-rc.1
      vue: ^3.0.0-0 || ^2.6.0
    peerDependenciesMeta:
      '@vue/composition-api':
        optional: true
    dependencies:
      vue: registry.npmmirror.com/vue@3.3.13
    dev: false

  registry.npmmirror.com/vue-i18n@9.13.1(vue@3.3.13):
    resolution: {integrity: sha512-mh0GIxx0wPtPlcB1q4k277y0iKgo25xmDPWioVVYanjPufDBpvu5ySTjP5wOrSvlYQ2m1xI+CFhGdauv/61uQg==, registry: http://192.168.12.88:10000/, tarball: https://registry.npmmirror.com/vue-i18n/-/vue-i18n-9.13.1.tgz}
    id: registry.npmmirror.com/vue-i18n/9.13.1
    name: vue-i18n
    version: 9.13.1
    engines: {node: '>= 16'}
    peerDependencies:
      vue: ^3.0.0
    dependencies:
      '@intlify/core-base': registry.npmmirror.com/@intlify/core-base@9.13.1
      '@intlify/shared': registry.npmmirror.com/@intlify/shared@9.13.1
      '@vue/devtools-api': registry.npmmirror.com/@vue/devtools-api@6.6.3
      vue: registry.npmmirror.com/vue@3.3.13
    dev: false

  registry.npmmirror.com/vue@3.3.13:
    resolution: {integrity: sha512-LDnUpQvDgsfc0u/YgtAgTMXJlJQqjkxW1PVcOnJA5cshPleULDjHi7U45pl2VJYazSSvLH8UKcid/kzH8I0a0Q==, registry: http://192.168.12.88:10000/, tarball: https://registry.npmmirror.com/vue/-/vue-3.3.13.tgz}
    name: vue
    version: 3.3.13
    peerDependencies:
      typescript: '*'
    peerDependenciesMeta:
      typescript:
        optional: true
    dependencies:
      '@vue/compiler-dom': registry.npmmirror.com/@vue/compiler-dom@3.3.13
      '@vue/compiler-sfc': registry.npmmirror.com/@vue/compiler-sfc@3.3.13
      '@vue/runtime-dom': registry.npmmirror.com/@vue/runtime-dom@3.3.13
      '@vue/server-renderer': registry.npmmirror.com/@vue/server-renderer@3.3.13(vue@3.3.13)
      '@vue/shared': registry.npmmirror.com/@vue/shared@3.3.13
    dev: false
